[[package]]
name = "tinydb"
version = "4.7.0"
requires_python = ">=3.6,<4.0"
summary = "TinyDB is a tiny, document oriented database optimized for your happiness :)"

[metadata]
lock_version = "3.1"
content_hash = "sha256:d574cda01754f9c0ae3687bb6d34079c41683f7e807fa17379661ed0014fcb8f"

[metadata.files]
"tinydb 4.7.0" = [
    {file = "tinydb-4.7.0-py3-none-any.whl", hash = "sha256:e2cdf6e2dad49813e9b5fceb3c7943387309a8738125fbff0b58d248a033f7a9"},
    {file = "tinydb-4.7.0.tar.gz", hash = "sha256:357eb7383dee6915f17b00596ec6dd2a890f3117bf52be28a4c516aeee581100"},
]
